version = 1
revision = 3
requires-python = ">=3.11"

[[package]]
name = "colorama"
version = "0.4.6"
source = { registry = "https://pypi.org/simple" }
sdist = { url = "https://files.pythonhosted.org/packages/d8/53/6f443c9a4a8358a93a6792e2acffb9d9d5cb0a5cfd8802644b7b1c9a02e4/colorama-0.4.6.tar.gz", hash = "sha256:08695f5cb7ed6e0531a20572697297273c47b8cae5a63ffc6d6ed5c201be6e44", size = 27697, upload-time = "2022-10-25T02:36:22.414Z" }
wheels = [
    { url = "https://files.pythonhosted.org/packages/d1/d6/3965ed04c63042e047cb6a3e6ed1a63a35087b6a609aa3a15ed8ac56c221/colorama-0.4.6-py2.py3-none-any.whl", hash = "sha256:4f1d9991f5acc0ca119f9d443620b77f9d6b33703e51011c16baf57afb285fc6", size = 25335, upload-time = "2022-10-25T02:36:20.889Z" },
]

[[package]]
name = "confluent-kafka"
version = "2.14.2"
source = { registry = "https://pypi.org/simple" }
sdist = { url = "https://files.pythonhosted.org/packages/ff/e5/58ac277094b03a51d9725798d0e53a60c1be69dc4330ae9cedc2d9efa430/confluent_kafka-2.14.2.tar.gz", hash = "sha256:fc827265571a778b1ff560ab2f3ec5dce3c573c29eb4cf6ded9718d55a5e4262", size = 289180, upload-time = "2026-06-03T09:53:37.63Z" }
wheels = [
    { url = "https://files.pythonhosted.org/packages/29/00/b2ceee24d353fd06186be2f6cdd9835926eca5266de3358530c5d11c4af4/confluent_kafka-2.14.2-cp311-cp311-macosx_10_9_x86_64.whl", hash = "sha256:b3470171eb52dc149e3abf7cbcc485f388c0dbd1dd7516e5fd18a35baa39271f", size = 4181908, upload-time = "2026-06-03T09:50:38.285Z" },
    { url = "https://files.pythonhosted.org/packages/98/78/daf09df7bd45c82c300ab7df0eb4a49bee7609e0b71254e4b9e44f068fb0/confluent_kafka-2.14.2-cp311-cp311-macosx_11_0_arm64.whl", hash = "sha256:3bcd5dc82ee4b921e1a54e6b9130a0d43de99dd3021ddf3a2557fbf505df8d62", size = 4178406, upload-time = "2026-06-03T09:50:42.843Z" },
    { url = "https://files.pythonhosted.org/packages/1f/a2/c3c94d893133ad31a2cb8a0444ba5dfe77d066a9d66687775c33068684c9/confluent_kafka-2.14.2-cp311-cp311-manylinux_2_28_aarch64.whl", hash = "sha256:c6abedb91fd8fcd0dcea8491f71efd37d136c12c4afa2216fd8d85585f53c4ea", size = 4798777, upload-time = "2026-06-03T09:50:48.276Z" },
    { url = "https://files.pythonhosted.org/packages/37/86/6e7f2ccb44a069a0789fea9e0ec2d440146dcbe6128be60efda72cfe5de2/confluent_kafka-2.14.2-cp311-cp311-manylinux_2_28_x86_64.whl", hash = "sha256:6e4abff7d6c1a27787ece44f3e56bcda9b0fa0a141c9b651a6cd13fbc7f943f9", size = 4594242, upload-time = "2026-06-03T09:50:55.355Z" },
    { url = "https://files.pythonhosted.org/packages/dd/90/46032c39848155de5f82eb00fde8de290b2808c160eea1caead2cdcb6b62/confluent_kafka-2.14.2-cp311-cp311-win_amd64.whl", hash = "sha256:01399706d1fe314b85b62f86d045fc8696f482bf625064aa7c0ccb7149e629b2", size = 4391698, upload-time = "2026-06-03T09:51:05.432Z" },
    { url = "https://files.pythonhosted.org/packages/d9/52/274192cfcca6d0b8b8093255f02e61f112dc425024dbb723438272d5f16b/confluent_kafka-2.14.2-cp312-cp312-macosx_10_9_x86_64.whl", hash = "sha256:35755d6adb2d6ed5b3f517fa8d2cec0e8cb5b668e652cc7a691fe317b727bcb9", size = 4187586, upload-time = "2026-06-03T09:51:09.653Z" },
    { url = "https://files.pythonhosted.org/packages/3b/85/942ab3188cb252cc0ea43bb8c6b4bce036f8b6168b2d9857e158ec136a09/confluent_kafka-2.14.2-cp312-cp312-macosx_11_0_arm64.whl", hash = "sha256:facc957bf97e69e467b1935d96eddced0abb7e7bcd2af025847d42c990116523", size = 4183057, upload-time = "2026-06-03T09:51:14.252Z" },
    { url = "https://files.pythonhosted.org/packages/64/9a/ed6be7e0874463aa40660903f8b191eb94ea0d21a11d0f07f953bf12319a/confluent_kafka-2.14.2-cp312-cp312-manylinux_2_28_aarch64.whl", hash = "sha256:6ea5321c7f3861be9245239514ddcfc8dc21e8046f819a53b0f98c4e79b006d6", size = 4803705, upload-time = "2026-06-03T09:51:21.775Z" },
    { url = "https://files.pythonhosted.org/packages/a5/58/5c5b84f6f9e6c1d8b50dfa1d8231d77ba1c626d2f4233549a4b81f826620/confluent_kafka-2.14.2-cp312-cp312-manylinux_2_28_x86_64.whl", hash = "sha256:7db5f58948eeb7b85b8c5ab440fddbd5a7465fee48185e5ae37bb2c190eb715d", size = 4598707, upload-time = "2026-06-03T09:51:28.351Z" },
    { url = "https://files.pythonhosted.org/packages/d3/fb/65118d1557599e9e4cbc8bb1ed0f0b9832d2dcbae281ecc285caeb2a7305/confluent_kafka-2.14.2-cp312-cp312-win_amd64.whl", hash = "sha256:b19e4939e1cefe4ed93985e64b121ba492632ad36a23a43f5299402522b24385", size = 4392203, upload-time = "2026-06-03T09:51:34.068Z" },
    { url = "https://files.pythonhosted.org/packages/3d/27/e1a75e5b7c9caeb61885d10b038d520fec73f21967d763f18f600d917f9f/confluent_kafka-2.14.2-cp313-cp313-macosx_13_0_arm64.whl", hash = "sha256:590667a106f2f79a1a9412723686e32e5a4a85b911ff2c15ce828c5ac8748f3b", size = 4187857, upload-time = "2026-06-03T09:51:40.099Z" },
    { url = "https://files.pythonhosted.org/packages/96/6f/1299809f078da711783878486cea966871a02d8b3bdaf126298bc6f778db/confluent_kafka-2.14.2-cp313-cp313-macosx_13_0_x86_64.whl", hash = "sha256:654afcf3d1b29536d098d271a66ef077920759b752a8c9978feee35ce4a174cf", size = 4190988, upload-time = "2026-06-03T09:51:44.265Z" },
    { url = "https://files.pythonhosted.org/packages/5a/81/d68501702330138f9b0e946674fea60285cf5c231eb70dfcc0459fa7f0c8/confluent_kafka-2.14.2-cp313-cp313-manylinux_2_28_aarch64.whl", hash = "sha256:1cbb88bae84c8b0f9247a896bdbb53820bdf0f277aa126bf577108ee70491926", size = 4804040, upload-time = "2026-06-03T09:51:50.225Z" },
    { url = "https://files.pythonhosted.org/packages/c2/fc/720a0fa7127a6bd23517bb0bc6dc6d2934bf5fe385277ced7bf3c6e9d2d4/confluent_kafka-2.14.2-cp313-cp313-manylinux_2_28_x86_64.whl", hash = "sha256:53b5fb5eb0ae89005e572da95f96e95c7d247525d66857748b74012d58f19ef3", size = 4599115, upload-time = "2026-06-03T09:51:58.07Z" },
    { url = "https://files.pythonhosted.org/packages/13/da/e1679fbe6a4d4dc1172db2ecad7eccef00555fb4f11f432b8e802ad68998/confluent_kafka-2.14.2-cp313-cp313-win_amd64.whl", hash = "sha256:aff0de94a6321eedb6188d121a8001b090d6d5f4d76b3f6754a3c8747fb1847d", size = 4451883, upload-time = "2026-06-03T09:52:06.049Z" },
    { url = "https://files.pythonhosted.org/packages/5b/7a/0ab7208fd86e7295a83a372c4978ab06d7caa36c925bb3c82fbcb4ff74fd/confluent_kafka-2.14.2-cp314-cp314-macosx_13_0_arm64.whl", hash = "sha256:f42c745e6162905bd16bc2beb6429aef38240ff0e2f1c3edde4a462f121ea9c1", size = 4187700, upload-time = "2026-06-03T09:52:22.147Z" },
    { url = "https://files.pythonhosted.org/packages/02/de/968c53892abaface22071b306333d83f61d8db5a1eb7224af61cde99e770/confluent_kafka-2.14.2-cp314-cp314-macosx_13_0_x86_64.whl", hash = "sha256:3d1e5f1853a67be1573014ad610874e4e80bdcfb1c7ca1cadaeae5c5bef88a94", size = 4190827, upload-time = "2026-06-03T09:52:27.438Z" },
    { url = "https://files.pythonhosted.org/packages/99/77/722ce2b8b6e2ad0ffe9d7a042b0d0011edb679ec292203a739d10c483e26/confluent_kafka-2.14.2-cp314-cp314-manylinux_2_28_aarch64.whl", hash = "sha256:c5f247f6c046e457f369d3f2b11cb8d133b17e8306ce63c2ae0414469819d3e6", size = 4803806, upload-time = "2026-06-03T09:52:32.392Z" },
    { url = "https://files.pythonhosted.org/packages/e8/fd/a8466ed8fd6d6f82a13fd852fa14eca8b71cbca192fe82d58677808fcae3/confluent_kafka-2.14.2-cp314-cp314-manylinux_2_28_x86_64.whl", hash = "sha256:d61e22e6cd24e518c47b3b608023d2476bca4a7525de7877ca28e323af98f832", size = 4598793, upload-time = "2026-06-03T09:52:37.059Z" },
    { url = "https://files.pythonhosted.org/packages/45/73/c74394c74541f4c06be482ef03e3d3f668a4df5e4b52bc50e6a43bb9c345/confluent_kafka-2.14.2-cp314-cp314-win_amd64.whl", hash = "sha256:cf18131b6b8137f5ea0de1ff0988eb2af40a372c31f8238b015d70ccd1c0945a", size = 4584051, upload-time = "2026-06-03T09:52:42.226Z" },
]

[[package]]
name = "data-generator"
version = "0.1.0"
source = { virtual = "." }
dependencies = [
    { name = "confluent-kafka" },
    { name = "faker" },
    { name = "python-dateutil" },
]

[package.dev-dependencies]
dev = [
    { name = "pytest" },
]

[package.metadata]
requires-dist = [
    { name = "confluent-kafka", specifier = ">=2.14.2" },
    { name = "faker", specifier = ">=11.4.0" },
    { name = "python-dateutil", specifier = ">=2.9.0" },
]

[package.metadata.requires-dev]
dev = [{ name = "pytest", specifier = ">=8.3.5" }]

[[package]]
name = "faker"
version = "40.13.0"
source = { registry = "https://pypi.org/simple" }
dependencies = [
    { name = "tzdata", marker = "sys_platform == 'win32'" },
]
sdist = { url = "https://files.pythonhosted.org/packages/89/95/4822ffe94723553789aef783104f4f18fc20d7c4c68e1bbd633e11d09758/faker-40.13.0.tar.gz", hash = "sha256:a0751c84c3abac17327d7bb4c98e8afe70ebf7821e01dd7d0b15cd8856415525", size = 1962043, upload-time = "2026-04-06T16:44:55.68Z" }
wheels = [
    { url = "https://files.pythonhosted.org/packages/da/8a/708103325edff16a0b0e004de0d37db8ba216a32713948c64d71f6d4a4c2/faker-40.13.0-py3-none-any.whl", hash = "sha256:c1298fd0d819b3688fb5fd358c4ba8f56c7c8c740b411fd3dbd8e30bf2c05019", size = 1994597, upload-time = "2026-04-06T16:44:53.698Z" },
]

[[package]]
name = "iniconfig"
version = "2.3.0"
source = { registry = "https://pypi.org/simple" }
sdist = { url = "https://files.pythonhosted.org/packages/72/34/14ca021ce8e5dfedc35312d08ba8bf51fdd999c576889fc2c24cb97f4f10/iniconfig-2.3.0.tar.gz", hash = "sha256:c76315c77db068650d49c5b56314774a7804df16fee4402c1f19d6d15d8c4730", size = 20503, upload-time = "2025-10-18T21:55:43.219Z" }
wheels = [
    { url = "https://files.pythonhosted.org/packages/cb/b1/3846dd7f199d53cb17f49cba7e651e9ce294d8497c8c150530ed11865bb8/iniconfig-2.3.0-py3-none-any.whl", hash = "sha256:f631c04d2c48c52b84d0d0549c99ff3859c98df65b3101406327ecc7d53fbf12", size = 7484, upload-time = "2025-10-18T21:55:41.639Z" },
]

[[package]]
name = "packaging"
version = "26.0"
source = { registry = "https://pypi.org/simple" }
sdist = { url = "https://files.pythonhosted.org/packages/65/ee/299d360cdc32edc7d2cf530f3accf79c4fca01e96ffc950d8a52213bd8e4/packaging-26.0.tar.gz", hash = "sha256:00243ae351a257117b6a241061796684b084ed1c516a08c48a3f7e147a9d80b4", size = 143416, upload-time = "2026-01-21T20:50:39.064Z" }
wheels = [
    { url = "https://files.pythonhosted.org/packages/b7/b9/c538f279a4e237a006a2c98387d081e9eb060d203d8ed34467cc0f0b9b53/packaging-26.0-py3-none-any.whl", hash = "sha256:b36f1fef9334a5588b4166f8bcd26a14e521f2b55e6b9de3aaa80d3ff7a37529", size = 74366, upload-time = "2026-01-21T20:50:37.788Z" },
]

[[package]]
name = "pluggy"
version = "1.6.0"
source = { registry = "https://pypi.org/simple" }
sdist = { url = "https://files.pythonhosted.org/packages/f9/e2/3e91f31a7d2b083fe6ef3fa267035b518369d9511ffab804f839851d2779/pluggy-1.6.0.tar.gz", hash = "sha256:7dcc130b76258d33b90f61b658791dede3486c3e6bfb003ee5c9bfb396dd22f3", size = 69412, upload-time = "2025-05-15T12:30:07.975Z" }
wheels = [
    { url = "https://files.pythonhosted.org/packages/54/20/4d324d65cc6d9205fabedc306948156824eb9f0ee1633355a8f7ec5c66bf/pluggy-1.6.0-py3-none-any.whl", hash = "sha256:e920276dd6813095e9377c0bc5566d94c932c33b27a3e3945d8389c374dd4746", size = 20538, upload-time = "2025-05-15T12:30:06.134Z" },
]

[[package]]
name = "pygments"
version = "2.20.0"
source = { registry = "https://pypi.org/simple" }
sdist = { url = "https://files.pythonhosted.org/packages/c3/b2/bc9c9196916376152d655522fdcebac55e66de6603a76a02bca1b6414f6c/pygments-2.20.0.tar.gz", hash = "sha256:6757cd03768053ff99f3039c1a36d6c0aa0b263438fcab17520b30a303a82b5f", size = 4955991, upload-time = "2026-03-29T13:29:33.898Z" }
wheels = [
    { url = "https://files.pythonhosted.org/packages/f4/7e/a72dd26f3b0f4f2bf1dd8923c85f7ceb43172af56d63c7383eb62b332364/pygments-2.20.0-py3-none-any.whl", hash = "sha256:81a9e26dd42fd28a23a2d169d86d7ac03b46e2f8b59ed4698fb4785f946d0176", size = 1231151, upload-time = "2026-03-29T13:29:30.038Z" },
]

[[package]]
name = "pytest"
version = "9.0.3"
source = { registry = "https://pypi.org/simple" }
dependencies = [
    { name = "colorama", marker = "sys_platform == 'win32'" },
    { name = "iniconfig" },
    { name = "packaging" },
    { name = "pluggy" },
    { name = "pygments" },
]
sdist = { url = "https://files.pythonhosted.org/packages/7d/0d/549bd94f1a0a402dc8cf64563a117c0f3765662e2e668477624baeec44d5/pytest-9.0.3.tar.gz", hash = "sha256:b86ada508af81d19edeb213c681b1d48246c1a91d304c6c81a427674c17eb91c", size = 1572165, upload-time = "2026-04-07T17:16:18.027Z" }
wheels = [
    { url = "https://files.pythonhosted.org/packages/d4/24/a372aaf5c9b7208e7112038812994107bc65a84cd00e0354a88c2c77a617/pytest-9.0.3-py3-none-any.whl", hash = "sha256:2c5efc453d45394fdd706ade797c0a81091eccd1d6e4bccfcd476e2b8e0ab5d9", size = 375249, upload-time = "2026-04-07T17:16:16.13Z" },
]

[[package]]
name = "python-dateutil"
version = "2.9.0.post0"
source = { registry = "https://pypi.org/simple" }
dependencies = [
    { name = "six" },
]
sdist = { url = "https://files.pythonhosted.org/packages/66/c0/0c8b6ad9f17a802ee498c46e004a0eb49bc148f2fd230864601a86dcf6db/python-dateutil-2.9.0.post0.tar.gz", hash = "sha256:37dd54208da7e1cd875388217d5e00ebd4179249f90fb72437e91a35459a0ad3", size = 342432, upload-time = "2024-03-01T18:36:20.211Z" }
wheels = [
    { url = "https://files.pythonhosted.org/packages/ec/57/56b9bcc3c9c6a792fcbaf139543cee77261f3651ca9da0c93f5c1221264b/python_dateutil-2.9.0.post0-py2.py3-none-any.whl", hash = "sha256:a8b2bc7bffae282281c8140a97d3aa9c14da0b136dfe83f850eea9a5f7470427", size = 229892, upload-time = "2024-03-01T18:36:18.57Z" },
]

[[package]]
name = "six"
version = "1.17.0"
source = { registry = "https://pypi.org/simple" }
sdist = { url = "https://files.pythonhosted.org/packages/94/e7/b2c673351809dca68a0e064b6af791aa332cf192da575fd474ed7d6f16a2/six-1.17.0.tar.gz", hash = "sha256:ff70335d468e7eb6ec65b95b99d3a2836546063f63acc5171de367e834932a81", size = 34031, upload-time = "2024-12-04T17:35:28.174Z" }
wheels = [
    { url = "https://files.pythonhosted.org/packages/b7/ce/149a00dd41f10bc29e5921b496af8b574d8413afcd5e30dfa0ed46c2cc5e/six-1.17.0-py2.py3-none-any.whl", hash = "sha256:4721f391ed90541fddacab5acf947aa0d3dc7d27b2e1e8eda2be8970586c3274", size = 11050, upload-time = "2024-12-04T17:35:26.475Z" },
]

[[package]]
name = "tzdata"
version = "2026.1"
source = { registry = "https://pypi.org/simple" }
sdist = { url = "https://files.pythonhosted.org/packages/19/f5/cd531b2d15a671a40c0f66cf06bc3570a12cd56eef98960068ebbad1bf5a/tzdata-2026.1.tar.gz", hash = "sha256:67658a1903c75917309e753fdc349ac0efd8c27db7a0cb406a25be4840f87f98", size = 197639, upload-time = "2026-04-03T11:25:22.002Z" }
wheels = [
    { url = "https://files.pythonhosted.org/packages/b0/70/d460bd685a170790ec89317e9bd33047988e4bce507b831f5db771e142de/tzdata-2026.1-py2.py3-none-any.whl", hash = "sha256:4b1d2be7ac37ceafd7327b961aa3a54e467efbdb563a23655fbfe0d39cfc42a9", size = 348952, upload-time = "2026-04-03T11:25:20.313Z" },
]
